
Microsoft Visual Studio Solution File, Format Version 12.00
# Visual Studio Version 16
VisualStudioVersion = 16.0.29613.14
MinimumVisualStudioVersion = 10.0.40219.1
Project("{2150E333-8FDC-42A3-9474-1A3956D46DE8}") = "CoreAppDemo.Application", "CoreAppDemo.Application", "{5DE58838-B6F1-49BB-9B0C-CAD06FF72D20}"
EndProject
Project("{2150E333-8FDC-42A3-9474-1A3956D46DE8}") = "CoreAppDemo.Domain", "CoreAppDemo.Domain", "{433FD473-C1DB-4633-911A-453D8635EE64}"
EndProject
Project("{2150E333-8FDC-42A3-9474-1A3956D46DE8}") = "CoreAppDemo.Infrastructure.Data", "CoreAppDemo.Infrastructure.Data", "{EA3EE0FE-5FDB-4ABC-8C8A-3B7970C67B63}"
EndProject
Project("{2150E333-8FDC-42A3-9474-1A3956D46DE8}") = "CoreAppDemo.Infrastructure.IoC", "CoreAppDemo.Infrastructure.IoC", "{CB113F1D-13BF-4E83-8769-510B33D76237}"
EndProject
Project("{2150E333-8FDC-42A3-9474-1A3956D46DE8}") = "CoreAppDemo.Infrastructure.UI.MVC", "CoreAppDemo.Infrastructure.UI.MVC", "{6A2DC281-B619-411B-B5D6-971639B65A63}"
EndProject
Project("{FAE04EC0-301F-11D3-BF4B-00C04F79EFBC}") = "CoreAppDemo.MVC", "CoreAppDemo.MVC\CoreAppDemo.MVC.csproj", "{2B0654FA-1D26-4549-B9ED-490679BCAC51}"
EndProject
Project("{FAE04EC0-301F-11D3-BF4B-00C04F79EFBC}") = "CoreApp.Domain", "CoreApp.Domain\CoreApp.Domain.csproj", "{D3A3023C-2D1C-472F-A7EA-26CB4A20A6A4}"
EndProject
Project("{FAE04EC0-301F-11D3-BF4B-00C04F79EFBC}") = "CoreApp.Infra.Data", "CoreApp.Infra.Data\CoreApp.Infra.Data.csproj", "{611AF27D-9386-4391-B62D-E7A1E4283E85}"
EndProject
Project("{FAE04EC0-301F-11D3-BF4B-00C04F79EFBC}") = "CoreApp.Application", "CoreApp.Application\CoreApp.Application.csproj", "{68B40E18-6A6E-4712-A31F-512168B5980F}"
EndProject
Project("{FAE04EC0-301F-11D3-BF4B-00C04F79EFBC}") = "CoreApp.Infrastructure.IoC", "CoreApp.Infrastructure.IoC\CoreApp.Infrastructure.IoC.csproj", "{BE4899A4-5BDF-47E4-8260-980E0464C195}"
EndProject
Global
	GlobalSection(SolutionConfigurationPlatforms) = preSolution
		Debug|Any CPU = Debug|Any CPU
		Release|Any CPU = Release|Any CPU
	EndGlobalSection
	GlobalSection(ProjectConfigurationPlatforms) = postSolution
		{2B0654FA-1D26-4549-B9ED-490679BCAC51}.Debug|Any CPU.ActiveCfg = Debug|Any CPU
		{2B0654FA-1D26-4549-B9ED-490679BCAC51}.Debug|Any CPU.Build.0 = Debug|Any CPU
		{2B0654FA-1D26-4549-B9ED-490679BCAC51}.Release|Any CPU.ActiveCfg = Release|Any CPU
		{2B0654FA-1D26-4549-B9ED-490679BCAC51}.Release|Any CPU.Build.0 = Release|Any CPU
		{D3A3023C-2D1C-472F-A7EA-26CB4A20A6A4}.Debug|Any CPU.ActiveCfg = Debug|Any CPU
		{D3A3023C-2D1C-472F-A7EA-26CB4A20A6A4}.Debug|Any CPU.Build.0 = Debug|Any CPU
		{D3A3023C-2D1C-472F-A7EA-26CB4A20A6A4}.Release|Any CPU.ActiveCfg = Release|Any CPU
		{D3A3023C-2D1C-472F-A7EA-26CB4A20A6A4}.Release|Any CPU.Build.0 = Release|Any CPU
		{611AF27D-9386-4391-B62D-E7A1E4283E85}.Debug|Any CPU.ActiveCfg = Debug|Any CPU
		{611AF27D-9386-4391-B62D-E7A1E4283E85}.Debug|Any CPU.Build.0 = Debug|Any CPU
		{611AF27D-9386-4391-B62D-E7A1E4283E85}.Release|Any CPU.ActiveCfg = Release|Any CPU
		{611AF27D-9386-4391-B62D-E7A1E4283E85}.Release|Any CPU.Build.0 = Release|Any CPU
		{68B40E18-6A6E-4712-A31F-512168B5980F}.Debug|Any CPU.ActiveCfg = Debug|Any CPU
		{68B40E18-6A6E-4712-A31F-512168B5980F}.Debug|Any CPU.Build.0 = Debug|Any CPU
		{68B40E18-6A6E-4712-A31F-512168B5980F}.Release|Any CPU.ActiveCfg = Release|Any CPU
		{68B40E18-6A6E-4712-A31F-512168B5980F}.Release|Any CPU.Build.0 = Release|Any CPU
		{BE4899A4-5BDF-47E4-8260-980E0464C195}.Debug|Any CPU.ActiveCfg = Debug|Any CPU
		{BE4899A4-5BDF-47E4-8260-980E0464C195}.Debug|Any CPU.Build.0 = Debug|Any CPU
		{BE4899A4-5BDF-47E4-8260-980E0464C195}.Release|Any CPU.ActiveCfg = Release|Any CPU
		{BE4899A4-5BDF-47E4-8260-980E0464C195}.Release|Any CPU.Build.0 = Release|Any CPU
	EndGlobalSection
	GlobalSection(SolutionProperties) = preSolution
		HideSolutionNode = FALSE
	EndGlobalSection
	GlobalSection(NestedProjects) = preSolution
		{2B0654FA-1D26-4549-B9ED-490679BCAC51} = {6A2DC281-B619-411B-B5D6-971639B65A63}
		{D3A3023C-2D1C-472F-A7EA-26CB4A20A6A4} = {433FD473-C1DB-4633-911A-453D8635EE64}
		{611AF27D-9386-4391-B62D-E7A1E4283E85} = {EA3EE0FE-5FDB-4ABC-8C8A-3B7970C67B63}
		{68B40E18-6A6E-4712-A31F-512168B5980F} = {5DE58838-B6F1-49BB-9B0C-CAD06FF72D20}
		{BE4899A4-5BDF-47E4-8260-980E0464C195} = {CB113F1D-13BF-4E83-8769-510B33D76237}
	EndGlobalSection
	GlobalSection(ExtensibilityGlobals) = postSolution
		SolutionGuid = {3252A6D2-0884-45FA-9823-3C9DC290D220}
	EndGlobalSection
EndGlobal
